
Microsoft Visual Studio Solution File, Format Version 12.00
# Visual Studio Version 17
VisualStudioVersion = 17.13.35828.75 d17.13
MinimumVisualStudioVersion = 10.0.40219.1
Project("{FAE04EC0-301F-11D3-BF4B-00C04F79EFBC}") = "Laborator05_Email", "Laborator05_Email\Laborator05_Email.csproj", "{93E9B8A4-0F85-4A65-BB9A-9D4A8D4FEFA7}"
EndProject
Global
	GlobalSection(SolutionConfigurationPlatforms) = preSolution
		Debug|Any CPU = Debug|Any CPU
		Release|Any CPU = Release|Any CPU
	EndGlobalSection
	GlobalSection(ProjectConfigurationPlatforms) = postSolution
		{93E9B8A4-0F85-4A65-BB9A-9D4A8D4FEFA7}.Debug|Any CPU.ActiveCfg = Debug|Any CPU
		{93E9B8A4-0F85-4A65-BB9A-9D4A8D4FEFA7}.Debug|Any CPU.Build.0 = Debug|Any CPU
		{93E9B8A4-0F85-4A65-BB9A-9D4A8D4FEFA7}.Release|Any CPU.ActiveCfg = Release|Any CPU
		{93E9B8A4-0F85-4A65-BB9A-9D4A8D4FEFA7}.Release|Any CPU.Build.0 = Release|Any CPU
	EndGlobalSection
	GlobalSection(SolutionProperties) = preSolution
		HideSolutionNode = FALSE
	EndGlobalSection
	GlobalSection(ExtensibilityGlobals) = postSolution
		SolutionGuid = {595C2E02-270D-4AAD-8CDA-13CF8C70B85D}
	EndGlobalSection
EndGlobal
